
Microsoft Visual Studio Solution File, Format Version 12.00
# Visual Studio Version 17
VisualStudioVersion = 17.6.33723.286
MinimumVisualStudioVersion = 10.0.40219.1
Project("{FAE04EC0-301F-11D3-BF4B-00C04F79EFBC}") = "WebDownloader", "WebDownloader.csproj", "{EE477DDD-B1C3-46CD-9D91-2D9E3570EDFC}"
EndProject
Global
	GlobalSection(SolutionConfigurationPlatforms) = preSolution
		Debug|Any CPU = Debug|Any CPU
		Release|Any CPU = Release|Any CPU
	EndGlobalSection
	GlobalSection(ProjectConfigurationPlatforms) = postSolution
		{EE477DDD-B1C3-46CD-9D91-2D9E3570EDFC}.Debug|Any CPU.ActiveCfg = Debug|Any CPU
		{EE477DDD-B1C3-46CD-9D91-2D9E3570EDFC}.Debug|Any CPU.Build.0 = Debug|Any CPU
		{EE477DDD-B1C3-46CD-9D91-2D9E3570EDFC}.Release|Any CPU.ActiveCfg = Release|Any CPU
		{EE477DDD-B1C3-46CD-9D91-2D9E3570EDFC}.Release|Any CPU.Build.0 = Release|Any CPU
	EndGlobalSection
	GlobalSection(SolutionProperties) = preSolution
		HideSolutionNode = FALSE
	EndGlobalSection
	GlobalSection(ExtensibilityGlobals) = postSolution
		SolutionGuid = {7EDDEF37-0229-43BA-99E5-E7D6E3B55FAE}
	EndGlobalSection
EndGlobal
